<Solution>
  <Folder Name="/src/">
    <Project Path="src/BitNetSharp/BitNetSharp.csproj" />
  </Folder>
  <Folder Name="/tests/">
    <File Path="../../Models/bitnet-b1.58-2B-4T-gguf/ggufdef.txt" />
  </Folder>
  <Project Path="BenchmarkSuite1/BenchmarkSuite1.csproj" Id="8b7bf3f6-14c9-49c8-ae9c-a88fa4fd438a" />
  <Project Path="src/tests/BitNetSharp.Tests/BitNetSharp.Tests.csproj" Id="5e6a2d67-2b99-416e-8d92-a8b402026c35" />
</Solution>
